
Microsoft Visual Studio Solution File, Format Version 12.00
# Visual Studio 15
VisualStudioVersion = 15.0.27004.2008
MinimumVisualStudioVersion = 10.0.40219.1
Project("{FAE04EC0-301F-11D3-BF4B-00C04F79EFBC}") = "Blogg", "Blogg\Blogg.csproj", "{B19C3F45-49D1-4A7F-B760-CB637E78FF1F}"
EndProject
Global
	GlobalSection(SolutionConfigurationPlatforms) = preSolution
		Debug|Any CPU = Debug|Any CPU
		Release|Any CPU = Release|Any CPU
	EndGlobalSection
	GlobalSection(ProjectConfigurationPlatforms) = postSolution
		{B19C3F45-49D1-4A7F-B760-CB637E78FF1F}.Debug|Any CPU.ActiveCfg = Debug|Any CPU
		{B19C3F45-49D1-4A7F-B760-CB637E78FF1F}.Debug|Any CPU.Build.0 = Debug|Any CPU
		{B19C3F45-49D1-4A7F-B760-CB637E78FF1F}.Release|Any CPU.ActiveCfg = Release|Any CPU
		{B19C3F45-49D1-4A7F-B760-CB637E78FF1F}.Release|Any CPU.Build.0 = Release|Any CPU
	EndGlobalSection
	GlobalSection(SolutionProperties) = preSolution
		HideSolutionNode = FALSE
	EndGlobalSection
	GlobalSection(ExtensibilityGlobals) = postSolution
		SolutionGuid = {2C8A59AF-8D0C-4DC5-9AD1-40399DCB0A7F}
	EndGlobalSection
EndGlobal
